// !$*UTF8*$!
{
	archiveVersion = 1;
	classes = {
	};
	objectVersion = 56;
	objects = {

/* Begin PBXBuildFile section */
		3245069F29C043ED00F32864 /* AppDelegate.swift in Sources */ = {isa = PBXBuildFile; fileRef = 3245069E29C043ED00F32864 /* AppDelegate.swift */; };
		324506A129C043ED00F32864 /* SceneDelegate.swift in Sources */ = {isa = PBXBuildFile; fileRef = 324506A029C043ED00F32864 /* SceneDelegate.swift */; };
		324506A329C043ED00F32864 /* ViewController.swift in Sources */ = {isa = PBXBuildFile; fileRef = 324506A229C043ED00F32864 /* ViewController.swift */; };
		324506A629C043ED00F32864 /* Main.storyboard in Resources */ = {isa = PBXBuildFile; fileRef = 324506A429C043ED00F32864 /* Main.storyboard */; };
		324506A929C043ED00F32864 /* Task_14_03_2023.xcdatamodeld in Sources */ = {isa = PBXBuildFile; fileRef = 324506A729C043ED00F32864 /* Task_14_03_2023.xcdatamodeld */; };
		324506AB29C043EF00F32864 /* Assets.xcassets in Resources */ = {isa = PBXBuildFile; fileRef = 324506AA29C043EF00F32864 /* Assets.xcassets */; };
		324506AE29C043EF00F32864 /* LaunchScreen.storyboard in Resources */ = {isa = PBXBuildFile; fileRef = 324506AC29C043EF00F32864 /* LaunchScreen.storyboard */; };
		324506B629C0512500F32864 /* CollectionViewCell.swift in Sources */ = {isa = PBXBuildFile; fileRef = 324506B529C0512500F32864 /* CollectionViewCell.swift */; };
		324506B829C191F000F32864 /* CollectionViewCell2.swift in Sources */ = {isa = PBXBuildFile; fileRef = 324506B729C191F000F32864 /* CollectionViewCell2.swift */; };
		324506BA29C1924F00F32864 /* CollectionViewCell3.swift in Sources */ = {isa = PBXBuildFile; fileRef = 324506B929C1924F00F32864 /* CollectionViewCell3.swift */; };
/* End PBXBuildFile section */

/* Begin PBXFileReference section */
		3245069B29C043ED00F32864 /* Task-14-03-2023.app */ = {isa = PBXFileReference; explicitFileType = wrapper.application; includeInIndex = 0; path = "Task-14-03-2023.app"; sourceTree = BUILT_PRODUCTS_DIR; };
		3245069E29C043ED00F32864 /* AppDelegate.swift */ = {isa = PBXFileReference; lastKnownFileType = sourcecode.swift; path = AppDelegate.swift; sourceTree = "<group>"; };
		324506A029C043ED00F32864 /* SceneDelegate.swift */ = {isa = PBXFileReference; lastKnownFileType = sourcecode.swift; path = SceneDelegate.swift; sourceTree = "<group>"; };
		324506A229C043ED00F32864 /* ViewController.swift */ = {isa = PBXFileReference; lastKnownFileType = sourcecode.swift; path = ViewController.swift; sourceTree = "<group>"; };
		324506A529C043ED00F32864 /* Base */ = {isa = PBXFileReference; lastKnownFileType = file.storyboard; name = Base; path = Base.lproj/Main.storyboard; sourceTree = "<group>"; };
		324506A829C043ED00F32864 /* Task_14_03_2023.xcdatamodel */ = {isa = PBXFileReference; lastKnownFileType = wrapper.xcdatamodel; path = Task_14_03_2023.xcdatamodel; sourceTree = "<group>"; };
		324506AA29C043EF00F32864 /* Assets.xcassets */ = {isa = PBXFileReference; lastKnownFileType = folder.assetcatalog; path = Assets.xcassets; sourceTree = "<group>"; };
		324506AD29C043EF00F32864 /* Base */ = {isa = PBXFileReference; lastKnownFileType = file.storyboard; name = Base; path = Base.lproj/LaunchScreen.storyboard; sourceTree = "<group>"; };
		324506AF29C043EF00F32864 /* Info.plist */ = {isa = PBXFileReference; lastKnownFileType = text.plist.xml; path = Info.plist; sourceTree = "<group>"; };
		324506B529C0512500F32864 /* CollectionViewCell.swift */ = {isa = PBXFileReference; lastKnownFileType = sourcecode.swift; path = CollectionViewCell.swift; sourceTree = "<group>"; };
		324506B729C191F000F32864 /* CollectionViewCell2.swift */ = {isa = PBXFileReference; lastKnownFileType = sourcecode.swift; path = CollectionViewCell2.swift; sourceTree = "<group>"; };
		324506B929C1924F00F32864 /* CollectionViewCell3.swift */ = {isa = PBXFileReference; lastKnownFileType = sourcecode.swift; path = CollectionViewCell3.swift; sourceTree = "<group>"; };
/* End PBXFileReference section */

/* Begin PBXFrameworksBuildPhase section */
		3245069829C043ED00F32864 /* Frameworks */ = {
			isa = PBXFrameworksBuildPhase;
			buildActionMask = 2147483647;
			files = (
			);
			runOnlyForDeploymentPostprocessing = 0;
		};
/* End PBXFrameworksBuildPhase section */

/* Begin PBXGroup section */
		3245069229C043ED00F32864 = {
			isa = PBXGroup;
			children = (
				3245069D29C043ED00F32864 /* Task-14-03-2023 */,
				3245069C29C043ED00F32864 /* Products */,
			);
			sourceTree = "<group>";
		};
		3245069C29C043ED00F32864 /* Products */ = {
			isa = PBXGroup;
			children = (
				3245069B29C043ED00F32864 /* Task-14-03-2023.app */,
			);
			name = Products;
			sourceTree = "<group>";
		};
		3245069D29C043ED00F32864 /* Task-14-03-2023 */ = {
			isa = PBXGroup;
			children = (
				3245069E29C043ED00F32864 /* AppDelegate.swift */,
				324506A029C043ED00F32864 /* SceneDelegate.swift */,
				324506A229C043ED00F32864 /* ViewController.swift */,
				324506A429C043ED00F32864 /* Main.storyboard */,
				324506B929C1924F00F32864 /* CollectionViewCell3.swift */,
				324506B729C191F000F32864 /* CollectionViewCell2.swift */,
				324506B529C0512500F32864 /* CollectionViewCell.swift */,
				324506AA29C043EF00F32864 /* Assets.xcassets */,
				324506AC29C043EF00F32864 /* LaunchScreen.storyboard */,
				324506AF29C043EF00F32864 /* Info.plist */,
				324506A729C043ED00F32864 /* Task_14_03_2023.xcdatamodeld */,
			);
			path = "Task-14-03-2023";
			sourceTree = "<group>";
		};
/* End PBXGroup section */

/* Begin PBXNativeTarget section */
		3245069A29C043ED00F32864 /* Task-14-03-2023 */ = {
			isa = PBXNativeTarget;
			buildConfigurationList = 324506B229C043EF00F32864 /* Build configuration list for PBXNativeTarget "Task-14-03-2023" */;
			buildPhases = (
				3245069729C043ED00F32864 /* Sources */,
				3245069829C043ED00F32864 /* Frameworks */,
				3245069929C043ED00F32864 /* Resources */,
			);
			buildRules = (
			);
			dependencies = (
			);
			name = "Task-14-03-2023";
			productName = "Task-14-03-2023";
			productReference = 3245069B29C043ED00F32864 /* Task-14-03-2023.app */;
			productType = "com.apple.product-type.application";
		};
/* End PBXNativeTarget section */

/* Begin PBXProject section */
		3245069329C043ED00F32864 /* Project object */ = {
			isa = PBXProject;
			attributes = {
				BuildIndependentTargetsInParallel = 1;
				LastSwiftUpdateCheck = 1420;
				LastUpgradeCheck = 1420;
				TargetAttributes = {
					3245069A29C043ED00F32864 = {
						CreatedOnToolsVersion = 14.2;
					};
				};
			};
			buildConfigurationList = 3245069629C043ED00F32864 /* Build configuration list for PBXProject "Task-14-03-2023" */;
			compatibilityVersion = "Xcode 14.0";
			developmentRegion = en;
			hasScannedForEncodings = 0;
			knownRegions = (
				en,
				Base,
			);
			mainGroup = 3245069229C043ED00F32864;
			productRefGroup = 3245069C29C043ED00F32864 /* Products */;
			projectDirPath = "";
			projectRoot = "";
			targets = (
				3245069A29C043ED00F32864 /* Task-14-03-2023 */,
			);
		};
/* End PBXProject section */

/* Begin PBXResourcesBuildPhase section */
		3245069929C043ED00F32864 /* Resources */ = {
			isa = PBXResourcesBuildPhase;
			buildActionMask = 2147483647;
			files = (
				324506AE29C043EF00F32864 /* LaunchScreen.storyboard in Resources */,
				324506AB29C043EF00F32864 /* Assets.xcassets in Resources */,
				324506A629C043ED00F32864 /* Main.storyboard in Resources */,
			);
			runOnlyForDeploymentPostprocessing = 0;
		};
/* End PBXResourcesBuildPhase section */

/* Begin PBXSourcesBuildPhase section */
		3245069729C043ED00F32864 /* Sources */ = {
			isa = PBXSourcesBuildPhase;
			buildActionMask = 2147483647;
			files = (
				324506B629C0512500F32864 /* CollectionViewCell.swift in Sources */,
				324506A329C043ED00F32864 /* ViewController.swift in Sources */,
				3245069F29C043ED00F32864 /* AppDelegate.swift in Sources */,
				324506B829C191F000F32864 /* CollectionViewCell2.swift in Sources */,
				324506A129C043ED00F32864 /* SceneDelegate.swift in Sources */,
				324506BA29C1924F00F32864 /* CollectionViewCell3.swift in Sources */,
				324506A929C043ED00F32864 /* Task_14_03_2023.xcdatamodeld in Sources */,
			);
			runOnlyForDeploymentPostprocessing = 0;
		};
/* End PBXSourcesBuildPhase section */

/* Begin PBXVariantGroup section */
		324506A429C043ED00F32864 /* Main.storyboard */ = {
			isa = PBXVariantGroup;
			children = (
				324506A529C043ED00F32864 /* Base */,
			);
			name = Main.storyboard;
			sourceTree = "<group>";
		};
		324506AC29C043EF00F32864 /* LaunchScreen.storyboard */ = {
			isa = PBXVariantGroup;
			children = (
				324506AD29C043EF00F32864 /* Base */,
			);
			name = LaunchScreen.storyboard;
			sourceTree = "<group>";
		};
/* End PBXVariantGroup section */

/* Begin XCBuildConfiguration section */
		324506B029C043EF00F32864 /* Debug */ = {
			isa = XCBuildConfiguration;
			buildSettings = {
				ALWAYS_SEARCH_USER_PATHS = NO;
				CLANG_ANALYZER_NONNULL = YES;
				CLANG_ANALYZER_NUMBER_OBJECT_CONVERSION = YES_AGGRESSIVE;
				CLANG_CXX_LANGUAGE_STANDARD = "gnu++20";
				CLANG_ENABLE_MODULES = YES;
				CLANG_ENABLE_OBJC_ARC = YES;
				CLANG_ENABLE_OBJC_WEAK = YES;
				CLANG_WARN_BLOCK_CAPTURE_AUTORELEASING = YES;
				CLANG_WARN_BOOL_CONVERSION = YES;
				CLANG_WARN_COMMA = YES;
				CLANG_WARN_CONSTANT_CONVERSION = YES;
				CLANG_WARN_DEPRECATED_OBJC_IMPLEMENTATIONS = YES;
				CLANG_WARN_DIRECT_OBJC_ISA_USAGE = YES_ERROR;
				CLANG_WARN_DOCUMENTATION_COMMENTS = YES;
				CLANG_WARN_EMPTY_BODY = YES;
				CLANG_WARN_ENUM_CONVERSION = YES;
				CLANG_WARN_INFINITE_RECURSION = YES;
				CLANG_WARN_INT_CONVERSION = YES;
				CLANG_WARN_NON_LITERAL_NULL_CONVERSION = YES;
				CLANG_WARN_OBJC_IMPLICIT_RETAIN_SELF = YES;
				CLANG_WARN_OBJC_LITERAL_CONVERSION = YES;
				CLANG_WARN_OBJC_ROOT_CLASS = YES_ERROR;
				CLANG_WARN_QUOTED_INCLUDE_IN_FRAMEWORK_HEADER = YES;
				CLANG_WARN_RANGE_LOOP_ANALYSIS = YES;
				CLANG_WARN_STRICT_PROTOTYPES = YES;
				CLANG_WARN_SUSPICIOUS_MOVE = YES;
				CLANG_WARN_UNGUARDED_AVAILABILITY = YES_AGGRESSIVE;
				CLANG_WARN_UNREACHABLE_CODE = YES;
				CLANG_WARN__DUPLICATE_METHOD_MATCH = YES;
				COPY_PHASE_STRIP = NO;
				DEBUG_INFORMATION_FORMAT = dwarf;
				ENABLE_STRICT_OBJC_MSGSEND = YES;
				ENABLE_TESTABILITY = YES;
				GCC_C_LANGUAGE_STANDARD = gnu11;
				GCC_DYNAMIC_NO_PIC = NO;
				GCC_NO_COMMON_BLOCKS = YES;
				GCC_OPTIMIZATION_LEVEL = 0;
				GCC_PREPROCESSOR_DEFINITIONS = (
					"DEBUG=1",
					"$(inherited)",
				);
				GCC_WARN_64_TO_32_BIT_CONVERSION = YES;
				GCC_WARN_ABOUT_RETURN_TYPE = YES_ERROR;
				GCC_WARN_UNDECLARED_SELECTOR = YES;
				GCC_WARN_UNINITIALIZED_AUTOS = YES_AGGRESSIVE;
				GCC_WARN_UNUSED_FUNCTION = YES;
				GCC_WARN_UNUSED_VARIABLE = YES;
				IPHONEOS_DEPLOYMENT_TARGET = 16.2;
				MTL_ENABLE_DEBUG_INFO = INCLUDE_SOURCE;
				MTL_FAST_MATH = YES;
				ONLY_ACTIVE_ARCH = YES;
				SDKROOT = iphoneos;
				SWIFT_ACTIVE_COMPILATION_CONDITIONS = DEBUG;
				SWIFT_OPTIMIZATION_LEVEL = "-Onone";
			};
			name = Debug;
		};
		324506B129C043EF00F32864 /* Release */ = {
			isa = XCBuildConfiguration;
			buildSettings = {
				ALWAYS_SEARCH_USER_PATHS = NO;
				CLANG_ANALYZER_NONNULL = YES;
				CLANG_ANALYZER_NUMBER_OBJECT_CONVERSION = YES_AGGRESSIVE;
				CLANG_CXX_LANGUAGE_STANDARD = "gnu++20";
				CLANG_ENABLE_MODULES = YES;
				CLANG_ENABLE_OBJC_ARC = YES;
				CLANG_ENABLE_OBJC_WEAK = YES;
				CLANG_WARN_BLOCK_CAPTURE_AUTORELEASING = YES;
				CLANG_WARN_BOOL_CONVERSION = YES;
				CLANG_WARN_COMMA = YES;
				CLANG_WARN_CONSTANT_CONVERSION = YES;
				CLANG_WARN_DEPRECATED_OBJC_IMPLEMENTATIONS = YES;
				CLANG_WARN_DIRECT_OBJC_ISA_USAGE = YES_ERROR;
				CLANG_WARN_DOCUMENTATION_COMMENTS = YES;
				CLANG_WARN_EMPTY_BODY = YES;
				CLANG_WARN_ENUM_CONVERSION = YES;
				CLANG_WARN_INFINITE_RECURSION = YES;
				CLANG_WARN_INT_CONVERSION = YES;
				CLANG_WARN_NON_LITERAL_NULL_CONVERSION = YES;
				CLANG_WARN_OBJC_IMPLICIT_RETAIN_SELF = YES;
				CLANG_WARN_OBJC_LITERAL_CONVERSION = YES;
				CLANG_WARN_OBJC_ROOT_CLASS = YES_ERROR;
				CLANG_WARN_QUOTED_INCLUDE_IN_FRAMEWORK_HEADER = YES;
				CLANG_WARN_RANGE_LOOP_ANALYSIS = YES;
				CLANG_WARN_STRICT_PROTOTYPES = YES;
				CLANG_WARN_SUSPICIOUS_MOVE = YES;
				CLANG_WARN_UNGUARDED_AVAILABILITY = YES_AGGRESSIVE;
				CLANG_WARN_UNREACHABLE_CODE = YES;
				CLANG_WARN__DUPLICATE_METHOD_MATCH = YES;
				COPY_PHASE_STRIP = NO;
				DEBUG_INFORMATION_FORMAT = "dwarf-with-dsym";
				ENABLE_NS_ASSERTIONS = NO;
				ENABLE_STRICT_OBJC_MSGSEND = YES;
				GCC_C_LANGUAGE_STANDARD = gnu11;
				GCC_NO_COMMON_BLOCKS = YES;
				GCC_WARN_64_TO_32_BIT_CONVERSION = YES;
				GCC_WARN_ABOUT_RETURN_TYPE = YES_ERROR;
				GCC_WARN_UNDECLARED_SELECTOR = YES;
				GCC_WARN_UNINITIALIZED_AUTOS = YES_AGGRESSIVE;
				GCC_WARN_UNUSED_FUNCTION = YES;
				GCC_WARN_UNUSED_VARIABLE = YES;
				IPHONEOS_DEPLOYMENT_TARGET = 16.2;
				MTL_ENABLE_DEBUG_INFO = NO;
				MTL_FAST_MATH = YES;
				SDKROOT = iphoneos;
				SWIFT_COMPILATION_MODE = wholemodule;
				SWIFT_OPTIMIZATION_LEVEL = "-O";
				VALIDATE_PRODUCT = YES;
			};
			name = Release;
		};
		324506B329C043EF00F32864 /* Debug */ = {
			isa = XCBuildConfiguration;
			buildSettings = {
				ASSETCATALOG_COMPILER_APPICON_NAME = AppIcon;
				ASSETCATALOG_COMPILER_GLOBAL_ACCENT_COLOR_NAME = AccentColor;
				CODE_SIGN_STYLE = Automatic;
				CURRENT_PROJECT_VERSION = 1;
				DEVELOPMENT_TEAM = 2AJYX59WG6;
				GENERATE_INFOPLIST_FILE = YES;
				INFOPLIST_FILE = "Task-14-03-2023/Info.plist";
				INFOPLIST_KEY_UIApplicationSupportsIndirectInputEvents = YES;
				INFOPLIST_KEY_UILaunchStoryboardName = LaunchScreen;
				INFOPLIST_KEY_UIMainStoryboardFile = Main;
				INFOPLIST_KEY_UISupportedInterfaceOrientations_iPad = "UIInterfaceOrientationPortrait UIInterfaceOrientationPortraitUpsideDown UIInterfaceOrientationLandscapeLeft UIInterfaceOrientationLandscapeRight";
				INFOPLIST_KEY_UISupportedInterfaceOrientations_iPhone = "UIInterfaceOrientationPortrait UIInterfaceOrientationLandscapeLeft UIInterfaceOrientationLandscapeRight";
				LD_RUNPATH_SEARCH_PATHS = (
					"$(inherited)",
					"@executable_path/Frameworks",
				);
				MARKETING_VERSION = 1.0;
				PRODUCT_BUNDLE_IDENTIFIER = "sneh.Task-14-03-2023";
				PRODUCT_NAME = "$(TARGET_NAME)";
				SWIFT_EMIT_LOC_STRINGS = YES;
				SWIFT_VERSION = 5.0;
				TARGETED_DEVICE_FAMILY = "1,2";
			};
			name = Debug;
		};
		324506B429C043EF00F32864 /* Release */ = {
			isa = XCBuildConfiguration;
			buildSettings = {
				ASSETCATALOG_COMPILER_APPICON_NAME = AppIcon;
				ASSETCATALOG_COMPILER_GLOBAL_ACCENT_COLOR_NAME = AccentColor;
				CODE_SIGN_STYLE = Automatic;
				CURRENT_PROJECT_VERSION = 1;
				DEVELOPMENT_TEAM = 2AJYX59WG6;
				GENERATE_INFOPLIST_FILE = YES;
				INFOPLIST_FILE = "Task-14-03-2023/Info.plist";
				INFOPLIST_KEY_UIApplicationSupportsIndirectInputEvents = YES;
				INFOPLIST_KEY_UILaunchStoryboardName = LaunchScreen;
				INFOPLIST_KEY_UIMainStoryboardFile = Main;
				INFOPLIST_KEY_UISupportedInterfaceOrientations_iPad = "UIInterfaceOrientationPortrait UIInterfaceOrientationPortraitUpsideDown UIInterfaceOrientationLandscapeLeft UIInterfaceOrientationLandscapeRight";
				INFOPLIST_KEY_UISupportedInterfaceOrientations_iPhone = "UIInterfaceOrientationPortrait UIInterfaceOrientationLandscapeLeft UIInterfaceOrientationLandscapeRight";
				LD_RUNPATH_SEARCH_PATHS = (
					"$(inherited)",
					"@executable_path/Frameworks",
				);
				MARKETING_VERSION = 1.0;
				PRODUCT_BUNDLE_IDENTIFIER = "sneh.Task-14-03-2023";
				PRODUCT_NAME = "$(TARGET_NAME)";
				SWIFT_EMIT_LOC_STRINGS = YES;
				SWIFT_VERSION = 5.0;
				TARGETED_DEVICE_FAMILY = "1,2";
			};
			name = Release;
		};
/* End XCBuildConfiguration section */

/* Begin XCConfigurationList section */
		3245069629C043ED00F32864 /* Build configuration list for PBXProject "Task-14-03-2023" */ = {
			isa = XCConfigurationList;
			buildConfigurations = (
				324506B029C043EF00F32864 /* Debug */,
				324506B129C043EF00F32864 /* Release */,
			);
			defaultConfigurationIsVisible = 0;
			defaultConfigurationName = Release;
		};
		324506B229C043EF00F32864 /* Build configuration list for PBXNativeTarget "Task-14-03-2023" */ = {
			isa = XCConfigurationList;
			buildConfigurations = (
				324506B329C043EF00F32864 /* Debug */,
				324506B429C043EF00F32864 /* Release */,
			);
			defaultConfigurationIsVisible = 0;
			defaultConfigurationName = Release;
		};
/* End XCConfigurationList section */

/* Begin XCVersionGroup section */
		324506A729C043ED00F32864 /* Task_14_03_2023.xcdatamodeld */ = {
			isa = XCVersionGroup;
			children = (
				324506A829C043ED00F32864 /* Task_14_03_2023.xcdatamodel */,
			);
			currentVersion = 324506A829C043ED00F32864 /* Task_14_03_2023.xcdatamodel */;
			path = Task_14_03_2023.xcdatamodeld;
			sourceTree = "<group>";
			versionGroupType = wrapper.xcdatamodel;
		};
/* End XCVersionGroup section */
	};
	rootObject = 3245069329C043ED00F32864 /* Project object */;
}
